# THIS IS AN AUTOGENERATED FILE. DO NOT EDIT THIS FILE DIRECTLY.
# yarn lockfile v1


"@rails/actioncable@^6.0.0":
  version "6.1.0"
  resolved "https://registry.yarnpkg.com/@rails/actioncable/-/actioncable-6.1.0.tgz#f336f25450b1bc43b99bc60557a70b6e6bb1d3d2"
  integrity sha512-eDgy+vcKN9RIzxmMBfSAe77rTj2cp6kJALiVQyKrW2O9EK2MdostOmP+99At/Dit3ur5+77NVnruxD7y14ZYFA==

"@rails/activestorage@^6.0.0":
  version "6.1.0"
  resolved "https://registry.yarnpkg.com/@rails/activestorage/-/activestorage-6.1.0.tgz#e8d42c4e275f6b0cef2a888728b47300a87a1047"
  integrity sha512-47VbzNQ/45cjpcckP1eUkzh/V26kb+Qc6U8pEGbAhmNjF2/yfTzSefdHfubkz4NUSaapELqael0J3jhG8BWHsA==
  dependencies:
    spark-md5 "^3.0.0"

"@rails/ujs@^6.0.0":
  version "6.1.0"
  resolved "https://registry.yarnpkg.com/@rails/ujs/-/ujs-6.1.0.tgz#9a48df6511cb2b472c9f596c1f37dc0af022e751"
  integrity sha512-kQNKyM4ePAc4u9eR1c4OqrbAHH+3SJXt++8izIjeaZeg+P7yBtgoF/dogMD/JPPowNC74ACFpM/4op0Ggp/fPw==

spark-md5@^3.0.0:
  version "3.0.1"
  resolved "https://registry.yarnpkg.com/spark-md5/-/spark-md5-3.0.1.tgz#83a0e255734f2ab4e5c466e5a2cfc9ba2aa2124d"
  integrity sha512-0tF3AGSD1ppQeuffsLDIOWlKUd3lS92tFxcsrh5Pe3ZphhnoK+oXIBTzOAThZCiuINZLvpiLH/1VS1/ANEJVig==
